
Microsoft Visual Studio Solution File, Format Version 12.00
# Visual Studio Version 17
VisualStudioVersion = 17.6.33829.357
MinimumVisualStudioVersion = 10.0.40219.1
Project("{FAE04EC0-301F-11D3-BF4B-00C04F79EFBC}") = "ProjectMangerWebApi", "ProjectMangerWebApi\ProjectMangerWebApi.csproj", "{215F8F86-34B4-4646-93E1-7716ACC1BE23}"
EndProject
Global
	GlobalSection(SolutionConfigurationPlatforms) = preSolution
		Debug|Any CPU = Debug|Any CPU
		Release|Any CPU = Release|Any CPU
	EndGlobalSection
	GlobalSection(ProjectConfigurationPlatforms) = postSolution
		{215F8F86-34B4-4646-93E1-7716ACC1BE23}.Debug|Any CPU.ActiveCfg = Debug|Any CPU
		{215F8F86-34B4-4646-93E1-7716ACC1BE23}.Debug|Any CPU.Build.0 = Debug|Any CPU
		{215F8F86-34B4-4646-93E1-7716ACC1BE23}.Release|Any CPU.ActiveCfg = Release|Any CPU
		{215F8F86-34B4-4646-93E1-7716ACC1BE23}.Release|Any CPU.Build.0 = Release|Any CPU
	EndGlobalSection
	GlobalSection(SolutionProperties) = preSolution
		HideSolutionNode = FALSE
	EndGlobalSection
	GlobalSection(ExtensibilityGlobals) = postSolution
		SolutionGuid = {EDFC1DD3-3C0D-46EE-92BA-17E6CB4763DE}
	EndGlobalSection
EndGlobal
